
Microsoft Visual Studio Solution File, Format Version 12.00
# Visual Studio 14
VisualStudioVersion = 14.0.25420.1
MinimumVisualStudioVersion = 10.0.40219.1
Project("{888888A0-9F3D-457C-B088-3A5042F75D52}") = "Assignment1", "Assignment1\Assignment1.pyproj", "{32B9E601-47C6-4546-8C18-C5E693F92427}"
EndProject
Project("{888888A0-9F3D-457C-B088-3A5042F75D52}") = "Assignment2", "Assignment2\Assignment2.pyproj", "{198C5F93-6B44-438E-828E-6B597F5F2FC2}"
EndProject
Global
	GlobalSection(SolutionConfigurationPlatforms) = preSolution
		Debug|Any CPU = Debug|Any CPU
		Release|Any CPU = Release|Any CPU
	EndGlobalSection
	GlobalSection(ProjectConfigurationPlatforms) = postSolution
		{32B9E601-47C6-4546-8C18-C5E693F92427}.Debug|Any CPU.ActiveCfg = Debug|Any CPU
		{32B9E601-47C6-4546-8C18-C5E693F92427}.Release|Any CPU.ActiveCfg = Release|Any CPU
		{198C5F93-6B44-438E-828E-6B597F5F2FC2}.Debug|Any CPU.ActiveCfg = Debug|Any CPU
		{198C5F93-6B44-438E-828E-6B597F5F2FC2}.Release|Any CPU.ActiveCfg = Release|Any CPU
	EndGlobalSection
	GlobalSection(SolutionProperties) = preSolution
		HideSolutionNode = FALSE
	EndGlobalSection
EndGlobal
